
Microsoft Visual Studio Solution File, Format Version 12.00
# Visual Studio Version 16
VisualStudioVersion = 25.0.1705.4
MinimumVisualStudioVersion = 10.0.40219.1
Project("{FAE04EC0-301F-11D3-BF4B-00C04F79EFBC}") = "RhenusTestApp", "RhenusTestApp\RhenusTestApp.csproj", "{ED4F531B-F4C4-4D02-A0E4-9034D1F2D86C}"
EndProject
Global
	GlobalSection(SolutionConfigurationPlatforms) = preSolution
		Debug|Any CPU = Debug|Any CPU
		Release|Any CPU = Release|Any CPU
	EndGlobalSection
	GlobalSection(ProjectConfigurationPlatforms) = postSolution
		{ED4F531B-F4C4-4D02-A0E4-9034D1F2D86C}.Debug|Any CPU.ActiveCfg = Debug|Any CPU
		{ED4F531B-F4C4-4D02-A0E4-9034D1F2D86C}.Debug|Any CPU.Build.0 = Debug|Any CPU
		{ED4F531B-F4C4-4D02-A0E4-9034D1F2D86C}.Release|Any CPU.ActiveCfg = Release|Any CPU
		{ED4F531B-F4C4-4D02-A0E4-9034D1F2D86C}.Release|Any CPU.Build.0 = Release|Any CPU
	EndGlobalSection
	GlobalSection(SolutionProperties) = preSolution
		HideSolutionNode = FALSE
	EndGlobalSection
	GlobalSection(ExtensibilityGlobals) = postSolution
		SolutionGuid = {B229A97B-EDE2-412D-92AD-C18011D27AC5}
	EndGlobalSection
EndGlobal
